# THIS IS AN AUTOGENERATED FILE. DO NOT EDIT THIS FILE DIRECTLY.
# yarn lockfile v1


"@types/md5@^2.3.0":
  version "2.3.0"
  resolved "https://registry.npm.taobao.org/@types/md5/download/@types/md5-2.3.0.tgz"
  integrity sha1-O2piMJEWD03HW+MXPiXyEQ3D+h8=
  dependencies:
    "@types/node" "*"

"@types/node@*", "@types/node@^15.0.2":
  version "15.0.2"
  resolved "https://registry.nlark.com/@types/node/download/@types/node-15.0.2.tgz?cache=0&sync_timestamp=1620169720944&other_urls=https%3A%2F%2Fregistry.nlark.com%2F%40types%2Fnode%2Fdownload%2F%40types%2Fnode-15.0.2.tgz"
  integrity sha1-UenAkg0bRZNuoENBqj4uWNM5+2c=

charenc@0.0.2:
  version "0.0.2"
  resolved "https://registry.npm.taobao.org/charenc/download/charenc-0.0.2.tgz"
  integrity sha1-wKHS86cJLgN3S/qD8UwPxXkKhmc=

commander@^7.2.0:
  version "7.2.0"
  resolved "https://registry.npm.taobao.org/commander/download/commander-7.2.0.tgz?cache=0&sync_timestamp=1616364021418&other_urls=https%3A%2F%2Fregistry.npm.taobao.org%2Fcommander%2Fdownload%2Fcommander-7.2.0.tgz#a36cb57d0b501ce108e4d20559a150a391d97ab7"
  integrity sha1-o2y1fQtQHOEI5NIFWaFQo5HZerc=

crypt@0.0.2:
  version "0.0.2"
  resolved "https://registry.npm.taobao.org/crypt/download/crypt-0.0.2.tgz"
  integrity sha1-iNf/fsDfuG9xPch7u0LQRNPmxBs=

is-buffer@~1.1.6:
  version "1.1.6"
  resolved "https://registry.npm.taobao.org/is-buffer/download/is-buffer-1.1.6.tgz?cache=0&sync_timestamp=1604432378894&other_urls=https%3A%2F%2Fregistry.npm.taobao.org%2Fis-buffer%2Fdownload%2Fis-buffer-1.1.6.tgz"
  integrity sha1-76ouqdqg16suoTqXsritUf776L4=

md5@^2.3.0:
  version "2.3.0"
  resolved "https://registry.npm.taobao.org/md5/download/md5-2.3.0.tgz?cache=0&sync_timestamp=1596365225537&other_urls=https%3A%2F%2Fregistry.npm.taobao.org%2Fmd5%2Fdownload%2Fmd5-2.3.0.tgz"
  integrity sha1-w9qaaq46MLRreww0m4exENw72k8=
  dependencies:
    charenc "0.0.2"
    crypt "0.0.2"
    is-buffer "~1.1.6"
