# THIS IS AN AUTOGENERATED FILE. DO NOT EDIT THIS FILE DIRECTLY.
# yarn lockfile v1


"@types/md5@^2.3.0":
  version "2.3.0"
  resolved "https://registry.npm.taobao.org/@types/md5/download/@types/md5-2.3.0.tgz"
  integrity sha1-O2piMJEWD03HW+MXPiXyEQ3D+h8=
  dependencies:
    "@types/node" "*"

"@types/node@*", "@types/node@^15.0.2":
  version "15.0.2"
  resolved "https://registry.nlark.com/@types/node/download/@types/node-15.0.2.tgz?cache=0&sync_timestamp=1620169720944&other_urls=https%3A%2F%2Fregistry.nlark.com%2F%40types%2Fnode%2Fdownload%2F%40types%2Fnode-15.0.2.tgz"
  integrity sha1-UenAkg0bRZNuoENBqj4uWNM5+2c=

charenc@0.0.2:
  version "0.0.2"
  resolved "https://registry.npm.taobao.org/charenc/download/charenc-0.0.2.tgz"
  integrity sha1-wKHS86cJLgN3S/qD8UwPxXkKhmc=

commander@^7.2.0:
  version "7.2.0"
  resolved "https://registry.npm.taobao.org/commander/download/commander-7.2.0.tgz?cache=0&sync_timestamp=1616364021418&other_urls=https%3A%2F%2Fregistry.npm.taobao.org%2Fcommander%2Fdownload%2Fcommander-7.2.0.tgz#a36cb57d0b501ce108e4d20559a150a391d97ab7"
  integrity sha1-o2y1fQtQHOEI5NIFWaFQo5HZerc=

crypt@0.0.2:
  version "0.0.2"
  resolved "https://registry.npm.taobao.org/crypt/download/crypt-0.0.2.tgz"
  integrity sha1-iNf/fsDfuG9xPch7u0LQRNPmxBs=

dom-walk@^0.1.0:
  version "0.1.2"
  resolved "https://registry.npm.taobao.org/dom-walk/download/dom-walk-0.1.2.tgz#0c548bef048f4d1f2a97249002236060daa3fd84"
  integrity sha1-DFSL7wSPTR8qlySQAiNgYNqj/YQ=

global@^4.4.0:
  version "4.4.0"
  resolved "https://registry.nlark.com/global/download/global-4.4.0.tgz#3e7b105179006a323ed71aafca3e9c57a5cc6406"
  integrity sha1-PnsQUXkAajI+1xqvyj6cV6XMZAY=
  dependencies:
    min-document "^2.19.0"
    process "^0.11.10"

is-buffer@~1.1.6:
  version "1.1.6"
  resolved "https://registry.npm.taobao.org/is-buffer/download/is-buffer-1.1.6.tgz?cache=0&sync_timestamp=1604432378894&other_urls=https%3A%2F%2Fregistry.npm.taobao.org%2Fis-buffer%2Fdownload%2Fis-buffer-1.1.6.tgz"
  integrity sha1-76ouqdqg16suoTqXsritUf776L4=

md5@^2.3.0:
  version "2.3.0"
  resolved "https://registry.npm.taobao.org/md5/download/md5-2.3.0.tgz?cache=0&sync_timestamp=1596365225537&other_urls=https%3A%2F%2Fregistry.npm.taobao.org%2Fmd5%2Fdownload%2Fmd5-2.3.0.tgz"
  integrity sha1-w9qaaq46MLRreww0m4exENw72k8=
  dependencies:
    charenc "0.0.2"
    crypt "0.0.2"
    is-buffer "~1.1.6"

min-document@^2.19.0:
  version "2.19.0"
  resolved "https://registry.npm.taobao.org/min-document/download/min-document-2.19.0.tgz#7bd282e3f5842ed295bb748cdd9f1ffa2c824685"
  integrity sha1-e9KC4/WELtKVu3SM3Z8f+iyCRoU=
  dependencies:
    dom-walk "^0.1.0"

process@^0.11.10:
  version "0.11.10"
  resolved "https://registry.npm.taobao.org/process/download/process-0.11.10.tgz#7332300e840161bda3e69a1d1d91a7d4bc16f182"
  integrity sha1-czIwDoQBYb2j5podHZGn1LwW8YI=

typescript@^4.2.4:
  version "4.2.4"
  resolved "https://registry.nlark.com/typescript/download/typescript-4.2.4.tgz#8610b59747de028fda898a8aef0e103f156d0961"
  integrity sha1-hhC1l0feAo/aiYqK7w4QPxVtCWE=
